
Microsoft Visual Studio Solution File, Format Version 12.00
# Visual Studio Version 16
VisualStudioVersion = 16.0.31019.35
MinimumVisualStudioVersion = 10.0.40219.1
Project("{FAE04EC0-301F-11D3-BF4B-00C04F79EFBC}") = "eShopSolution.WebApp", "eShopSolution.WebApp\eShopSolution.WebApp.csproj", "{EDA8B2C0-ACDE-4A59-A718-1FADA71331F6}"
EndProject
Global
	GlobalSection(SolutionConfigurationPlatforms) = preSolution
		Debug|Any CPU = Debug|Any CPU
		Release|Any CPU = Release|Any CPU
	EndGlobalSection
	GlobalSection(ProjectConfigurationPlatforms) = postSolution
		{EDA8B2C0-ACDE-4A59-A718-1FADA71331F6}.Debug|Any CPU.ActiveCfg = Debug|Any CPU
		{EDA8B2C0-ACDE-4A59-A718-1FADA71331F6}.Debug|Any CPU.Build.0 = Debug|Any CPU
		{EDA8B2C0-ACDE-4A59-A718-1FADA71331F6}.Release|Any CPU.ActiveCfg = Release|Any CPU
		{EDA8B2C0-ACDE-4A59-A718-1FADA71331F6}.Release|Any CPU.Build.0 = Release|Any CPU
	EndGlobalSection
	GlobalSection(SolutionProperties) = preSolution
		HideSolutionNode = FALSE
	EndGlobalSection
	GlobalSection(ExtensibilityGlobals) = postSolution
		SolutionGuid = {DDD378A3-A7D9-43DF-8614-7AE4037041BC}
	EndGlobalSection
EndGlobal
